
Microsoft Visual Studio Solution File, Format Version 12.00
# Visual Studio 15
Project("{FAE04EC0-301F-11D3-BF4B-00C04F79EFBC}") = "Assembly-CSharp", "Assembly-CSharp.csproj", "{199257A0-2512-BA61-8021-3393FF31B62B}"
EndProject
Project("{FAE04EC0-301F-11D3-BF4B-00C04F79EFBC}") = "Assembly-CSharp-firstpass", "Assembly-CSharp-firstpass.csproj", "{D4F8ECDC-34D5-F4CD-0108-8E71B35FC9D3}"
EndProject
Global
	GlobalSection(SolutionConfigurationPlatforms) = preSolution
		Debug|Any CPU = Debug|Any CPU
		Release|Any CPU = Release|Any CPU
	EndGlobalSection
	GlobalSection(ProjectConfigurationPlatforms) = postSolution
		{199257A0-2512-BA61-8021-3393FF31B62B}.Debug|Any CPU.ActiveCfg = Debug|Any CPU
		{199257A0-2512-BA61-8021-3393FF31B62B}.Debug|Any CPU.Build.0 = Debug|Any CPU
		{199257A0-2512-BA61-8021-3393FF31B62B}.Release|Any CPU.ActiveCfg = Release|Any CPU
		{199257A0-2512-BA61-8021-3393FF31B62B}.Release|Any CPU.Build.0 = Release|Any CPU
		{D4F8ECDC-34D5-F4CD-0108-8E71B35FC9D3}.Debug|Any CPU.ActiveCfg = Debug|Any CPU
		{D4F8ECDC-34D5-F4CD-0108-8E71B35FC9D3}.Debug|Any CPU.Build.0 = Debug|Any CPU
		{D4F8ECDC-34D5-F4CD-0108-8E71B35FC9D3}.Release|Any CPU.ActiveCfg = Release|Any CPU
		{D4F8ECDC-34D5-F4CD-0108-8E71B35FC9D3}.Release|Any CPU.Build.0 = Release|Any CPU
	EndGlobalSection
	GlobalSection(SolutionProperties) = preSolution
		HideSolutionNode = FALSE
	EndGlobalSection
EndGlobal
